
Microsoft Visual Studio Solution File, Format Version 12.00
# Visual Studio Version 17
VisualStudioVersion = 17.8.34309.116
MinimumVisualStudioVersion = 10.0.40219.1
Project("{9A19103F-16F7-4668-BE54-9A1E7A4F7556}") = "Sparcpoint.Extensions.DependencyInjection", "src\Sparcpoint.Extensions.DependencyInjection\Sparcpoint.Extensions.DependencyInjection.csproj", "{1BBA403A-75C6-401F-A23E-2A7A6D87B30E}"
EndProject
Project("{9A19103F-16F7-4668-BE54-9A1E7A4F7556}") = "Sparcpoint.Extensions.Tests", "test\Sparcpoint.Extensions.Tests\Sparcpoint.Extensions.Tests.csproj", "{C51D1C65-13E7-4BE4-9EED-9ED13CF1901D}"
EndProject
Project("{2150E333-8FDC-42A3-9474-1A3956D46DE8}") = "test", "test", "{796CD09E-5504-4CD7-A5A6-00C090B20DAC}"
EndProject
Project("{2150E333-8FDC-42A3-9474-1A3956D46DE8}") = "Solution Items", "Solution Items", "{CBDF54E0-9A8C-475A-964C-FDC40B475751}"
	ProjectSection(SolutionItems) = preProject
		CHANGELOG.md = CHANGELOG.md
		.github\workflows\main.yml = .github\workflows\main.yml
		README.md = README.md
	EndProjectSection
EndProject
Project("{9A19103F-16F7-4668-BE54-9A1E7A4F7556}") = "Sparcpoint.Extensions.Permissions", "src\Sparcpoint.Extensions.Permissions\Sparcpoint.Extensions.Permissions.csproj", "{DDDF74C8-BB03-4470-909F-BAB74B8F5FAB}"
EndProject
Project("{9A19103F-16F7-4668-BE54-9A1E7A4F7556}") = "Sparcpoint.Extensions.Objects", "src\Sparcpoint.Extensions.Objects\Sparcpoint.Extensions.Objects.csproj", "{8CCBEB61-E383-4008-A761-7B9E9C52B86B}"
EndProject
Project("{9A19103F-16F7-4668-BE54-9A1E7A4F7556}") = "Sparcpoint.Common", "src\Sparcpoint.Common\Sparcpoint.Common.csproj", "{E156EE7F-1D75-4925-94A4-32F4367F6E30}"
EndProject
Project("{9A19103F-16F7-4668-BE54-9A1E7A4F7556}") = "Sparcpoint.Extensions.Azure", "src\Sparcpoint.Extensions.Azure\Sparcpoint.Extensions.Azure.csproj", "{1C759193-5577-434C-9BFB-5C4838A69FDD}"
EndProject
Project("{9A19103F-16F7-4668-BE54-9A1E7A4F7556}") = "Sparcpoint.Extensions.IntegrationTests", "test\Sparcpoint.Extensions.IntegrationTests\Sparcpoint.Extensions.IntegrationTests.csproj", "{10F67652-08D2-4AD2-8F80-F7925620040B}"
EndProject
Project("{FAE04EC0-301F-11D3-BF4B-00C04F79EFBC}") = "Sparcpoint.Extensions.Resources", "src\Sparcpoint.Extensions.Resources\Sparcpoint.Extensions.Resources.csproj", "{F3B5E240-6744-47DE-BD2D-EE89C94A930F}"
EndProject
Global
	GlobalSection(SolutionConfigurationPlatforms) = preSolution
		Debug|Any CPU = Debug|Any CPU
		Release|Any CPU = Release|Any CPU
	EndGlobalSection
	GlobalSection(ProjectConfigurationPlatforms) = postSolution
		{1BBA403A-75C6-401F-A23E-2A7A6D87B30E}.Debug|Any CPU.ActiveCfg = Debug|Any CPU
		{1BBA403A-75C6-401F-A23E-2A7A6D87B30E}.Debug|Any CPU.Build.0 = Debug|Any CPU
		{1BBA403A-75C6-401F-A23E-2A7A6D87B30E}.Release|Any CPU.ActiveCfg = Release|Any CPU
		{1BBA403A-75C6-401F-A23E-2A7A6D87B30E}.Release|Any CPU.Build.0 = Release|Any CPU
		{C51D1C65-13E7-4BE4-9EED-9ED13CF1901D}.Debug|Any CPU.ActiveCfg = Debug|Any CPU
		{C51D1C65-13E7-4BE4-9EED-9ED13CF1901D}.Debug|Any CPU.Build.0 = Debug|Any CPU
		{C51D1C65-13E7-4BE4-9EED-9ED13CF1901D}.Release|Any CPU.ActiveCfg = Release|Any CPU
		{C51D1C65-13E7-4BE4-9EED-9ED13CF1901D}.Release|Any CPU.Build.0 = Release|Any CPU
		{DDDF74C8-BB03-4470-909F-BAB74B8F5FAB}.Debug|Any CPU.ActiveCfg = Debug|Any CPU
		{DDDF74C8-BB03-4470-909F-BAB74B8F5FAB}.Debug|Any CPU.Build.0 = Debug|Any CPU
		{DDDF74C8-BB03-4470-909F-BAB74B8F5FAB}.Release|Any CPU.ActiveCfg = Release|Any CPU
		{DDDF74C8-BB03-4470-909F-BAB74B8F5FAB}.Release|Any CPU.Build.0 = Release|Any CPU
		{8CCBEB61-E383-4008-A761-7B9E9C52B86B}.Debug|Any CPU.ActiveCfg = Debug|Any CPU
		{8CCBEB61-E383-4008-A761-7B9E9C52B86B}.Debug|Any CPU.Build.0 = Debug|Any CPU
		{8CCBEB61-E383-4008-A761-7B9E9C52B86B}.Release|Any CPU.ActiveCfg = Release|Any CPU
		{8CCBEB61-E383-4008-A761-7B9E9C52B86B}.Release|Any CPU.Build.0 = Release|Any CPU
		{E156EE7F-1D75-4925-94A4-32F4367F6E30}.Debug|Any CPU.ActiveCfg = Debug|Any CPU
		{E156EE7F-1D75-4925-94A4-32F4367F6E30}.Debug|Any CPU.Build.0 = Debug|Any CPU
		{E156EE7F-1D75-4925-94A4-32F4367F6E30}.Release|Any CPU.ActiveCfg = Release|Any CPU
		{E156EE7F-1D75-4925-94A4-32F4367F6E30}.Release|Any CPU.Build.0 = Release|Any CPU
		{1C759193-5577-434C-9BFB-5C4838A69FDD}.Debug|Any CPU.ActiveCfg = Debug|Any CPU
		{1C759193-5577-434C-9BFB-5C4838A69FDD}.Debug|Any CPU.Build.0 = Debug|Any CPU
		{1C759193-5577-434C-9BFB-5C4838A69FDD}.Release|Any CPU.ActiveCfg = Release|Any CPU
		{1C759193-5577-434C-9BFB-5C4838A69FDD}.Release|Any CPU.Build.0 = Release|Any CPU
		{10F67652-08D2-4AD2-8F80-F7925620040B}.Debug|Any CPU.ActiveCfg = Debug|Any CPU
		{10F67652-08D2-4AD2-8F80-F7925620040B}.Debug|Any CPU.Build.0 = Debug|Any CPU
		{10F67652-08D2-4AD2-8F80-F7925620040B}.Release|Any CPU.ActiveCfg = Release|Any CPU
		{10F67652-08D2-4AD2-8F80-F7925620040B}.Release|Any CPU.Build.0 = Release|Any CPU
		{F3B5E240-6744-47DE-BD2D-EE89C94A930F}.Debug|Any CPU.ActiveCfg = Debug|Any CPU
		{F3B5E240-6744-47DE-BD2D-EE89C94A930F}.Debug|Any CPU.Build.0 = Debug|Any CPU
		{F3B5E240-6744-47DE-BD2D-EE89C94A930F}.Release|Any CPU.ActiveCfg = Release|Any CPU
		{F3B5E240-6744-47DE-BD2D-EE89C94A930F}.Release|Any CPU.Build.0 = Release|Any CPU
	EndGlobalSection
	GlobalSection(SolutionProperties) = preSolution
		HideSolutionNode = FALSE
	EndGlobalSection
	GlobalSection(NestedProjects) = preSolution
		{C51D1C65-13E7-4BE4-9EED-9ED13CF1901D} = {796CD09E-5504-4CD7-A5A6-00C090B20DAC}
		{10F67652-08D2-4AD2-8F80-F7925620040B} = {796CD09E-5504-4CD7-A5A6-00C090B20DAC}
	EndGlobalSection
	GlobalSection(ExtensibilityGlobals) = postSolution
		SolutionGuid = {50563E1F-4E31-4D7D-9309-AE1E794DAD49}
	EndGlobalSection
EndGlobal
